
Microsoft Visual Studio Solution File, Format Version 12.00
# Visual Studio 2012
Project("{FAE04EC0-301F-11D3-BF4B-00C04F79EFBC}") = "01. Declare Variables", "01. Declare Variables\01. Declare Variables.csproj", "{C18210B6-D929-4800-AB14-C7E8E55CDF6F}"
EndProject
Project("{FAE04EC0-301F-11D3-BF4B-00C04F79EFBC}") = "02.Float_or_double", "02.Float_or_double\02.Float_or_double.csproj", "{E093AAF3-A791-49CD-BE54-9CD6623F1556}"
EndProject
Project("{FAE04EC0-301F-11D3-BF4B-00C04F79EFBC}") = "03.Variable_in_hexadecimal", "03.Variable_in_hexadecimal\03.Variable_in_hexadecimal.csproj", "{BA25E170-1B28-4170-B48C-8E5A4D55E2B2}"
EndProject
Project("{FAE04EC0-301F-11D3-BF4B-00C04F79EFBC}") = "04.Unicode_character", "04.Unicode_character\04.Unicode_character.csproj", "{EC3237B7-B4EC-4177-831D-B7904D88E109}"
EndProject
Project("{FAE04EC0-301F-11D3-BF4B-00C04F79EFBC}") = "05.Boolean_variable", "05.Boolean_variable\05.Boolean_variable.csproj", "{E2571682-3433-4EA9-A166-F3F2BE506971}"
EndProject
Project("{FAE04EC0-301F-11D3-BF4B-00C04F79EFBC}") = "06. Strings and Objects", "06. Strings and Objects\06. Strings and Objects.csproj", "{57788FB5-89B1-4880-BCE2-0CF7DB552A0B}"
EndProject
Project("{FAE04EC0-301F-11D3-BF4B-00C04F79EFBC}") = "07.Quotes_in_strings", "07.Quotes_in_strings\07.Quotes_in_strings.csproj", "{A0FCA442-C5E8-4478-A687-0F45DB751653}"
EndProject
Project("{FAE04EC0-301F-11D3-BF4B-00C04F79EFBC}") = "08.Isosceles_triangle", "08.Isosceles_triangle\08.Isosceles_triangle.csproj", "{939663CB-C166-4E3C-A70C-7DBE9A9606CF}"
EndProject
Project("{FAE04EC0-301F-11D3-BF4B-00C04F79EFBC}") = "09.Exchange_variable_values", "09.Exchange_variable_values\09.Exchange_variable_values.csproj", "{F3A3BAD8-ED0C-477E-BA97-9920DED237B7}"
EndProject
Project("{FAE04EC0-301F-11D3-BF4B-00C04F79EFBC}") = "10.Employee_data", "10.Employee_data\10.Employee_data.csproj", "{85369F5E-4D82-46AD-A5CB-5E9E3557F19A}"
EndProject
Project("{FAE04EC0-301F-11D3-BF4B-00C04F79EFBC}") = "11.Bank_account", "11.Bank_account\11.Bank_account.csproj", "{47F11C1F-FC2D-41E1-8BCE-9B1A4CC4311E}"
EndProject
Project("{FAE04EC0-301F-11D3-BF4B-00C04F79EFBC}") = "12.Null_values_arithmetic", "12.Null_values_arithmetic\12.Null_values_arithmetic.csproj", "{CA75EEF8-7F5B-4EAC-AA95-9F2668E3FDCA}"
EndProject
Project("{FAE04EC0-301F-11D3-BF4B-00C04F79EFBC}") = "13.Comparing_floats", "13.Comparing_floats\13.Comparing_floats.csproj", "{DCE2E24B-64CE-4A98-9E44-1CD7AD8F58AB}"
EndProject
Project("{FAE04EC0-301F-11D3-BF4B-00C04F79EFBC}") = "14.Print_ASCII_Table", "14.Print_ASCII_Table\14.Print_ASCII_Table.csproj", "{BEDB365E-7CD5-49B8-BB7B-4FC3C371F37F}"
EndProject
Project("{FAE04EC0-301F-11D3-BF4B-00C04F79EFBC}") = "15.Joro_the_footbol_player", "15.Joro_the_footbol_player\15.Joro_the_footbol_player.csproj", "{2D4BDD0E-6234-45A6-8205-14F5CAC472E6}"
EndProject
Project("{FAE04EC0-301F-11D3-BF4B-00C04F79EFBC}") = "16.Half_Sum", "16.Half_Sum\16.Half_Sum.csproj", "{BCE314EE-06BE-468A-98CE-2CC796CFA409}"
EndProject
Project("{FAE04EC0-301F-11D3-BF4B-00C04F79EFBC}") = "17.Sunglasses", "17.Sunglasses\17.Sunglasses.csproj", "{98526D98-4D2B-45C9-84B9-B8AED80DCBAC}"
EndProject
Project("{FAE04EC0-301F-11D3-BF4B-00C04F79EFBC}") = "18.Nine_digit_numbers", "18.Nine_digit_numbers\18.Nine_digit_numbers.csproj", "{09481BEC-3F81-413C-BE96-9F987ABCDC26}"
EndProject
Project("{FAE04EC0-301F-11D3-BF4B-00C04F79EFBC}") = "19.Bits_Inverter", "19.Bits_Inventer\19.Bits_Inverter.csproj", "{F0964D5C-03E0-4EA3-B626-BA6FFE482BC0}"
EndProject
Global
	GlobalSection(SolutionConfigurationPlatforms) = preSolution
		Debug|Any CPU = Debug|Any CPU
		Release|Any CPU = Release|Any CPU
	EndGlobalSection
	GlobalSection(ProjectConfigurationPlatforms) = postSolution
		{C18210B6-D929-4800-AB14-C7E8E55CDF6F}.Debug|Any CPU.ActiveCfg = Debug|Any CPU
		{C18210B6-D929-4800-AB14-C7E8E55CDF6F}.Debug|Any CPU.Build.0 = Debug|Any CPU
		{C18210B6-D929-4800-AB14-C7E8E55CDF6F}.Release|Any CPU.ActiveCfg = Release|Any CPU
		{C18210B6-D929-4800-AB14-C7E8E55CDF6F}.Release|Any CPU.Build.0 = Release|Any CPU
		{E093AAF3-A791-49CD-BE54-9CD6623F1556}.Debug|Any CPU.ActiveCfg = Debug|Any CPU
		{E093AAF3-A791-49CD-BE54-9CD6623F1556}.Debug|Any CPU.Build.0 = Debug|Any CPU
		{E093AAF3-A791-49CD-BE54-9CD6623F1556}.Release|Any CPU.ActiveCfg = Release|Any CPU
		{E093AAF3-A791-49CD-BE54-9CD6623F1556}.Release|Any CPU.Build.0 = Release|Any CPU
		{BA25E170-1B28-4170-B48C-8E5A4D55E2B2}.Debug|Any CPU.ActiveCfg = Debug|Any CPU
		{BA25E170-1B28-4170-B48C-8E5A4D55E2B2}.Debug|Any CPU.Build.0 = Debug|Any CPU
		{BA25E170-1B28-4170-B48C-8E5A4D55E2B2}.Release|Any CPU.ActiveCfg = Release|Any CPU
		{BA25E170-1B28-4170-B48C-8E5A4D55E2B2}.Release|Any CPU.Build.0 = Release|Any CPU
		{EC3237B7-B4EC-4177-831D-B7904D88E109}.Debug|Any CPU.ActiveCfg = Debug|Any CPU
		{EC3237B7-B4EC-4177-831D-B7904D88E109}.Debug|Any CPU.Build.0 = Debug|Any CPU
		{EC3237B7-B4EC-4177-831D-B7904D88E109}.Release|Any CPU.ActiveCfg = Release|Any CPU
		{EC3237B7-B4EC-4177-831D-B7904D88E109}.Release|Any CPU.Build.0 = Release|Any CPU
		{E2571682-3433-4EA9-A166-F3F2BE506971}.Debug|Any CPU.ActiveCfg = Debug|Any CPU
		{E2571682-3433-4EA9-A166-F3F2BE506971}.Debug|Any CPU.Build.0 = Debug|Any CPU
		{E2571682-3433-4EA9-A166-F3F2BE506971}.Release|Any CPU.ActiveCfg = Release|Any CPU
		{E2571682-3433-4EA9-A166-F3F2BE506971}.Release|Any CPU.Build.0 = Release|Any CPU
		{57788FB5-89B1-4880-BCE2-0CF7DB552A0B}.Debug|Any CPU.ActiveCfg = Debug|Any CPU
		{57788FB5-89B1-4880-BCE2-0CF7DB552A0B}.Debug|Any CPU.Build.0 = Debug|Any CPU
		{57788FB5-89B1-4880-BCE2-0CF7DB552A0B}.Release|Any CPU.ActiveCfg = Release|Any CPU
		{57788FB5-89B1-4880-BCE2-0CF7DB552A0B}.Release|Any CPU.Build.0 = Release|Any CPU
		{A0FCA442-C5E8-4478-A687-0F45DB751653}.Debug|Any CPU.ActiveCfg = Debug|Any CPU
		{A0FCA442-C5E8-4478-A687-0F45DB751653}.Debug|Any CPU.Build.0 = Debug|Any CPU
		{A0FCA442-C5E8-4478-A687-0F45DB751653}.Release|Any CPU.ActiveCfg = Release|Any CPU
		{A0FCA442-C5E8-4478-A687-0F45DB751653}.Release|Any CPU.Build.0 = Release|Any CPU
		{939663CB-C166-4E3C-A70C-7DBE9A9606CF}.Debug|Any CPU.ActiveCfg = Debug|Any CPU
		{939663CB-C166-4E3C-A70C-7DBE9A9606CF}.Debug|Any CPU.Build.0 = Debug|Any CPU
		{939663CB-C166-4E3C-A70C-7DBE9A9606CF}.Release|Any CPU.ActiveCfg = Release|Any CPU
		{939663CB-C166-4E3C-A70C-7DBE9A9606CF}.Release|Any CPU.Build.0 = Release|Any CPU
		{F3A3BAD8-ED0C-477E-BA97-9920DED237B7}.Debug|Any CPU.ActiveCfg = Debug|Any CPU
		{F3A3BAD8-ED0C-477E-BA97-9920DED237B7}.Debug|Any CPU.Build.0 = Debug|Any CPU
		{F3A3BAD8-ED0C-477E-BA97-9920DED237B7}.Release|Any CPU.ActiveCfg = Release|Any CPU
		{F3A3BAD8-ED0C-477E-BA97-9920DED237B7}.Release|Any CPU.Build.0 = Release|Any CPU
		{85369F5E-4D82-46AD-A5CB-5E9E3557F19A}.Debug|Any CPU.ActiveCfg = Debug|Any CPU
		{85369F5E-4D82-46AD-A5CB-5E9E3557F19A}.Debug|Any CPU.Build.0 = Debug|Any CPU
		{85369F5E-4D82-46AD-A5CB-5E9E3557F19A}.Release|Any CPU.ActiveCfg = Release|Any CPU
		{85369F5E-4D82-46AD-A5CB-5E9E3557F19A}.Release|Any CPU.Build.0 = Release|Any CPU
		{47F11C1F-FC2D-41E1-8BCE-9B1A4CC4311E}.Debug|Any CPU.ActiveCfg = Debug|Any CPU
		{47F11C1F-FC2D-41E1-8BCE-9B1A4CC4311E}.Debug|Any CPU.Build.0 = Debug|Any CPU
		{47F11C1F-FC2D-41E1-8BCE-9B1A4CC4311E}.Release|Any CPU.ActiveCfg = Release|Any CPU
		{47F11C1F-FC2D-41E1-8BCE-9B1A4CC4311E}.Release|Any CPU.Build.0 = Release|Any CPU
		{CA75EEF8-7F5B-4EAC-AA95-9F2668E3FDCA}.Debug|Any CPU.ActiveCfg = Debug|Any CPU
		{CA75EEF8-7F5B-4EAC-AA95-9F2668E3FDCA}.Debug|Any CPU.Build.0 = Debug|Any CPU
		{CA75EEF8-7F5B-4EAC-AA95-9F2668E3FDCA}.Release|Any CPU.ActiveCfg = Release|Any CPU
		{CA75EEF8-7F5B-4EAC-AA95-9F2668E3FDCA}.Release|Any CPU.Build.0 = Release|Any CPU
		{DCE2E24B-64CE-4A98-9E44-1CD7AD8F58AB}.Debug|Any CPU.ActiveCfg = Debug|Any CPU
		{DCE2E24B-64CE-4A98-9E44-1CD7AD8F58AB}.Debug|Any CPU.Build.0 = Debug|Any CPU
		{DCE2E24B-64CE-4A98-9E44-1CD7AD8F58AB}.Release|Any CPU.ActiveCfg = Release|Any CPU
		{DCE2E24B-64CE-4A98-9E44-1CD7AD8F58AB}.Release|Any CPU.Build.0 = Release|Any CPU
		{BEDB365E-7CD5-49B8-BB7B-4FC3C371F37F}.Debug|Any CPU.ActiveCfg = Debug|Any CPU
		{BEDB365E-7CD5-49B8-BB7B-4FC3C371F37F}.Debug|Any CPU.Build.0 = Debug|Any CPU
		{BEDB365E-7CD5-49B8-BB7B-4FC3C371F37F}.Release|Any CPU.ActiveCfg = Release|Any CPU
		{BEDB365E-7CD5-49B8-BB7B-4FC3C371F37F}.Release|Any CPU.Build.0 = Release|Any CPU
		{2D4BDD0E-6234-45A6-8205-14F5CAC472E6}.Debug|Any CPU.ActiveCfg = Debug|Any CPU
		{2D4BDD0E-6234-45A6-8205-14F5CAC472E6}.Debug|Any CPU.Build.0 = Debug|Any CPU
		{2D4BDD0E-6234-45A6-8205-14F5CAC472E6}.Release|Any CPU.ActiveCfg = Release|Any CPU
		{2D4BDD0E-6234-45A6-8205-14F5CAC472E6}.Release|Any CPU.Build.0 = Release|Any CPU
		{BCE314EE-06BE-468A-98CE-2CC796CFA409}.Debug|Any CPU.ActiveCfg = Debug|Any CPU
		{BCE314EE-06BE-468A-98CE-2CC796CFA409}.Debug|Any CPU.Build.0 = Debug|Any CPU
		{BCE314EE-06BE-468A-98CE-2CC796CFA409}.Release|Any CPU.ActiveCfg = Release|Any CPU
		{BCE314EE-06BE-468A-98CE-2CC796CFA409}.Release|Any CPU.Build.0 = Release|Any CPU
		{98526D98-4D2B-45C9-84B9-B8AED80DCBAC}.Debug|Any CPU.ActiveCfg = Debug|Any CPU
		{98526D98-4D2B-45C9-84B9-B8AED80DCBAC}.Debug|Any CPU.Build.0 = Debug|Any CPU
		{98526D98-4D2B-45C9-84B9-B8AED80DCBAC}.Release|Any CPU.ActiveCfg = Release|Any CPU
		{98526D98-4D2B-45C9-84B9-B8AED80DCBAC}.Release|Any CPU.Build.0 = Release|Any CPU
		{09481BEC-3F81-413C-BE96-9F987ABCDC26}.Debug|Any CPU.ActiveCfg = Debug|Any CPU
		{09481BEC-3F81-413C-BE96-9F987ABCDC26}.Debug|Any CPU.Build.0 = Debug|Any CPU
		{09481BEC-3F81-413C-BE96-9F987ABCDC26}.Release|Any CPU.ActiveCfg = Release|Any CPU
		{09481BEC-3F81-413C-BE96-9F987ABCDC26}.Release|Any CPU.Build.0 = Release|Any CPU
		{F0964D5C-03E0-4EA3-B626-BA6FFE482BC0}.Debug|Any CPU.ActiveCfg = Debug|Any CPU
		{F0964D5C-03E0-4EA3-B626-BA6FFE482BC0}.Debug|Any CPU.Build.0 = Debug|Any CPU
		{F0964D5C-03E0-4EA3-B626-BA6FFE482BC0}.Release|Any CPU.ActiveCfg = Release|Any CPU
		{F0964D5C-03E0-4EA3-B626-BA6FFE482BC0}.Release|Any CPU.Build.0 = Release|Any CPU
	EndGlobalSection
	GlobalSection(SolutionProperties) = preSolution
		HideSolutionNode = FALSE
	EndGlobalSection
EndGlobal
